
Microsoft Visual Studio Solution File, Format Version 12.00
# Visual Studio Version 17
VisualStudioVersion = 17.11.35208.52
MinimumVisualStudioVersion = 10.0.40219.1
Project("{2150E333-8FDC-42A3-9474-1A3956D46DE8}") = "src", "src", "{1EFE5692-76B6-4BB9-A680-AAD54610C4BD}"
EndProject
Project("{2150E333-8FDC-42A3-9474-1A3956D46DE8}") = "Core", "Core", "{00161A8C-5B53-497F-8F25-1A783415BD3C}"
EndProject
Project("{2150E333-8FDC-42A3-9474-1A3956D46DE8}") = "Domain", "Domain", "{0963EA8F-86FD-47E1-958E-E0DE764CF372}"
EndProject
Project("{2150E333-8FDC-42A3-9474-1A3956D46DE8}") = "Application", "Application", "{A5290D4E-5059-4DBD-8CE9-5390B97EA06C}"
EndProject
Project("{2150E333-8FDC-42A3-9474-1A3956D46DE8}") = "Infrastructure", "Infrastructure", "{B7423908-0A8A-49CC-9AA6-50211FFF25A1}"
EndProject
Project("{2150E333-8FDC-42A3-9474-1A3956D46DE8}") = "Contracts", "Contracts", "{F83FB7A7-A338-4747-8FAB-3F15A83C574F}"
EndProject
Project("{2150E333-8FDC-42A3-9474-1A3956D46DE8}") = "WebAPI", "WebAPI", "{AC781153-A891-49CB-80CD-BD746744FA86}"
EndProject
Project("{FAE04EC0-301F-11D3-BF4B-00C04F79EFBC}") = "LeClassic.Domain", "Core\LeClassic.Domain\LeClassic.Domain.csproj", "{0E590EBE-2166-419A-A04E-3A32AAB5054A}"
EndProject
Project("{FAE04EC0-301F-11D3-BF4B-00C04F79EFBC}") = "LeClassic.Application", "Core\LeClassic.Application\LeClassic.Application.csproj", "{BEC69D0D-C2AA-4D92-941A-FF55DBD44207}"
EndProject
Project("{FAE04EC0-301F-11D3-BF4B-00C04F79EFBC}") = "LeClassic.PostgreSQL", "Infrastructure\LeClassic.PostgreSQL\LeClassic.PostgreSQL.csproj", "{6ACBA199-7325-4702-8FB2-43FCCF87F263}"
EndProject
Project("{FAE04EC0-301F-11D3-BF4B-00C04F79EFBC}") = "LeClassic.Services", "Infrastructure\LeClassic.Services\LeClassic.Services.csproj", "{0858C75F-6410-4922-B3CA-4D532E07A238}"
EndProject
Project("{FAE04EC0-301F-11D3-BF4B-00C04F79EFBC}") = "LeClassic.API", "WebAPI\LeClassic.API\LeClassic.API.csproj", "{5B622C60-BE8A-4466-BFC1-0E2D3B2DA16F}"
EndProject
Global
	GlobalSection(SolutionConfigurationPlatforms) = preSolution
		Debug|Any CPU = Debug|Any CPU
		Release|Any CPU = Release|Any CPU
	EndGlobalSection
	GlobalSection(ProjectConfigurationPlatforms) = postSolution
		{0E590EBE-2166-419A-A04E-3A32AAB5054A}.Debug|Any CPU.ActiveCfg = Debug|Any CPU
		{0E590EBE-2166-419A-A04E-3A32AAB5054A}.Debug|Any CPU.Build.0 = Debug|Any CPU
		{0E590EBE-2166-419A-A04E-3A32AAB5054A}.Release|Any CPU.ActiveCfg = Release|Any CPU
		{0E590EBE-2166-419A-A04E-3A32AAB5054A}.Release|Any CPU.Build.0 = Release|Any CPU
		{BEC69D0D-C2AA-4D92-941A-FF55DBD44207}.Debug|Any CPU.ActiveCfg = Debug|Any CPU
		{BEC69D0D-C2AA-4D92-941A-FF55DBD44207}.Debug|Any CPU.Build.0 = Debug|Any CPU
		{BEC69D0D-C2AA-4D92-941A-FF55DBD44207}.Release|Any CPU.ActiveCfg = Release|Any CPU
		{BEC69D0D-C2AA-4D92-941A-FF55DBD44207}.Release|Any CPU.Build.0 = Release|Any CPU
		{6ACBA199-7325-4702-8FB2-43FCCF87F263}.Debug|Any CPU.ActiveCfg = Debug|Any CPU
		{6ACBA199-7325-4702-8FB2-43FCCF87F263}.Debug|Any CPU.Build.0 = Debug|Any CPU
		{6ACBA199-7325-4702-8FB2-43FCCF87F263}.Release|Any CPU.ActiveCfg = Release|Any CPU
		{6ACBA199-7325-4702-8FB2-43FCCF87F263}.Release|Any CPU.Build.0 = Release|Any CPU
		{0858C75F-6410-4922-B3CA-4D532E07A238}.Debug|Any CPU.ActiveCfg = Debug|Any CPU
		{0858C75F-6410-4922-B3CA-4D532E07A238}.Debug|Any CPU.Build.0 = Debug|Any CPU
		{0858C75F-6410-4922-B3CA-4D532E07A238}.Release|Any CPU.ActiveCfg = Release|Any CPU
		{0858C75F-6410-4922-B3CA-4D532E07A238}.Release|Any CPU.Build.0 = Release|Any CPU
		{5B622C60-BE8A-4466-BFC1-0E2D3B2DA16F}.Debug|Any CPU.ActiveCfg = Debug|Any CPU
		{5B622C60-BE8A-4466-BFC1-0E2D3B2DA16F}.Debug|Any CPU.Build.0 = Debug|Any CPU
		{5B622C60-BE8A-4466-BFC1-0E2D3B2DA16F}.Release|Any CPU.ActiveCfg = Release|Any CPU
		{5B622C60-BE8A-4466-BFC1-0E2D3B2DA16F}.Release|Any CPU.Build.0 = Release|Any CPU
	EndGlobalSection
	GlobalSection(SolutionProperties) = preSolution
		HideSolutionNode = FALSE
	EndGlobalSection
	GlobalSection(NestedProjects) = preSolution
		{00161A8C-5B53-497F-8F25-1A783415BD3C} = {1EFE5692-76B6-4BB9-A680-AAD54610C4BD}
		{0963EA8F-86FD-47E1-958E-E0DE764CF372} = {00161A8C-5B53-497F-8F25-1A783415BD3C}
		{A5290D4E-5059-4DBD-8CE9-5390B97EA06C} = {00161A8C-5B53-497F-8F25-1A783415BD3C}
		{B7423908-0A8A-49CC-9AA6-50211FFF25A1} = {1EFE5692-76B6-4BB9-A680-AAD54610C4BD}
		{F83FB7A7-A338-4747-8FAB-3F15A83C574F} = {1EFE5692-76B6-4BB9-A680-AAD54610C4BD}
		{AC781153-A891-49CB-80CD-BD746744FA86} = {1EFE5692-76B6-4BB9-A680-AAD54610C4BD}
		{0E590EBE-2166-419A-A04E-3A32AAB5054A} = {0963EA8F-86FD-47E1-958E-E0DE764CF372}
		{BEC69D0D-C2AA-4D92-941A-FF55DBD44207} = {A5290D4E-5059-4DBD-8CE9-5390B97EA06C}
		{6ACBA199-7325-4702-8FB2-43FCCF87F263} = {B7423908-0A8A-49CC-9AA6-50211FFF25A1}
		{0858C75F-6410-4922-B3CA-4D532E07A238} = {B7423908-0A8A-49CC-9AA6-50211FFF25A1}
		{5B622C60-BE8A-4466-BFC1-0E2D3B2DA16F} = {AC781153-A891-49CB-80CD-BD746744FA86}
	EndGlobalSection
	GlobalSection(ExtensibilityGlobals) = postSolution
		SolutionGuid = {C3C6E662-0009-45EC-AEAC-7967EE20E4AF}
	EndGlobalSection
EndGlobal
